// !$*UTF8*$!
{
	archiveVersion = 1;
	classes = {
	};
	objectVersion = 50;
	objects = {

/* Begin PBXBuildFile section */
		8822AF5324447F810013F33A /* AppDelegate.swift in Sources */ = {isa = PBXBuildFile; fileRef = 8822AF5224447F810013F33A /* AppDelegate.swift */; };
		8822AF5524447F810013F33A /* SceneDelegate.swift in Sources */ = {isa = PBXBuildFile; fileRef = 8822AF5424447F810013F33A /* SceneDelegate.swift */; };
		8822AF5724447F810013F33A /* ViewController.swift in Sources */ = {isa = PBXBuildFile; fileRef = 8822AF5624447F810013F33A /* ViewController.swift */; };
		8822AF5A24447F810013F33A /* Main.storyboard in Resources */ = {isa = PBXBuildFile; fileRef = 8822AF5824447F810013F33A /* Main.storyboard */; };
		8822AF5C24447F830013F33A /* Assets.xcassets in Resources */ = {isa = PBXBuildFile; fileRef = 8822AF5B24447F830013F33A /* Assets.xcassets */; };
		8822AF5F24447F830013F33A /* LaunchScreen.storyboard in Resources */ = {isa = PBXBuildFile; fileRef = 8822AF5D24447F830013F33A /* LaunchScreen.storyboard */; };
		88D5C445244852E700510BFD /* AttributedStringBuilder.swift in Sources */ = {isa = PBXBuildFile; fileRef = 88D5C444244852E700510BFD /* AttributedStringBuilder.swift */; };
/* End PBXBuildFile section */

/* Begin PBXFileReference section */
		8822AF4F24447F810013F33A /* AttributedStringBuilder.app */ = {isa = PBXFileReference; explicitFileType = wrapper.application; includeInIndex = 0; path = AttributedStringBuilder.app; sourceTree = BUILT_PRODUCTS_DIR; };
		8822AF5224447F810013F33A /* AppDelegate.swift */ = {isa = PBXFileReference; lastKnownFileType = sourcecode.swift; path = AppDelegate.swift; sourceTree = "<group>"; };
		8822AF5424447F810013F33A /* SceneDelegate.swift */ = {isa = PBXFileReference; lastKnownFileType = sourcecode.swift; path = SceneDelegate.swift; sourceTree = "<group>"; };
		8822AF5624447F810013F33A /* ViewController.swift */ = {isa = PBXFileReference; lastKnownFileType = sourcecode.swift; path = ViewController.swift; sourceTree = "<group>"; };
		8822AF5924447F810013F33A /* Base */ = {isa = PBXFileReference; lastKnownFileType = file.storyboard; name = Base; path = Base.lproj/Main.storyboard; sourceTree = "<group>"; };
		8822AF5B24447F830013F33A /* Assets.xcassets */ = {isa = PBXFileReference; lastKnownFileType = folder.assetcatalog; path = Assets.xcassets; sourceTree = "<group>"; };
		8822AF5E24447F830013F33A /* Base */ = {isa = PBXFileReference; lastKnownFileType = file.storyboard; name = Base; path = Base.lproj/LaunchScreen.storyboard; sourceTree = "<group>"; };
		8822AF6024447F830013F33A /* Info.plist */ = {isa = PBXFileReference; lastKnownFileType = text.plist.xml; path = Info.plist; sourceTree = "<group>"; };
		88D5C444244852E700510BFD /* AttributedStringBuilder.swift */ = {isa = PBXFileReference; lastKnownFileType = sourcecode.swift; path = AttributedStringBuilder.swift; sourceTree = "<group>"; };
/* End PBXFileReference section */

/* Begin PBXFrameworksBuildPhase section */
		8822AF4C24447F810013F33A /* Frameworks */ = {
			isa = PBXFrameworksBuildPhase;
			buildActionMask = 2147483647;
			files = (
			);
			runOnlyForDeploymentPostprocessing = 0;
		};
/* End PBXFrameworksBuildPhase section */

/* Begin PBXGroup section */
		8822AF4624447F810013F33A = {
			isa = PBXGroup;
			children = (
				8822AF5124447F810013F33A /* AttributedStringBuilder */,
				8822AF5024447F810013F33A /* Products */,
			);
			sourceTree = "<group>";
		};
		8822AF5024447F810013F33A /* Products */ = {
			isa = PBXGroup;
			children = (
				8822AF4F24447F810013F33A /* AttributedStringBuilder.app */,
			);
			name = Products;
			sourceTree = "<group>";
		};
		8822AF5124447F810013F33A /* AttributedStringBuilder */ = {
			isa = PBXGroup;
			children = (
				88D5C446244852FE00510BFD /* App */,
				8822AF5624447F810013F33A /* ViewController.swift */,
				88D5C444244852E700510BFD /* AttributedStringBuilder.swift */,
				8822AF5824447F810013F33A /* Main.storyboard */,
				88D5C443244852C500510BFD /* SupportingFiles */,
			);
			path = AttributedStringBuilder;
			sourceTree = "<group>";
		};
		88D5C443244852C500510BFD /* SupportingFiles */ = {
			isa = PBXGroup;
			children = (
				8822AF5B24447F830013F33A /* Assets.xcassets */,
				8822AF5D24447F830013F33A /* LaunchScreen.storyboard */,
				8822AF6024447F830013F33A /* Info.plist */,
			);
			path = SupportingFiles;
			sourceTree = "<group>";
		};
		88D5C446244852FE00510BFD /* App */ = {
			isa = PBXGroup;
			children = (
				8822AF5224447F810013F33A /* AppDelegate.swift */,
				8822AF5424447F810013F33A /* SceneDelegate.swift */,
			);
			path = App;
			sourceTree = "<group>";
		};
/* End PBXGroup section */

/* Begin PBXNativeTarget section */
		8822AF4E24447F810013F33A /* AttributedStringBuilder */ = {
			isa = PBXNativeTarget;
			buildConfigurationList = 8822AF6324447F830013F33A /* Build configuration list for PBXNativeTarget "AttributedStringBuilder" */;
			buildPhases = (
				8822AF4B24447F810013F33A /* Sources */,
				8822AF4C24447F810013F33A /* Frameworks */,
				8822AF4D24447F810013F33A /* Resources */,
			);
			buildRules = (
			);
			dependencies = (
			);
			name = AttributedStringBuilder;
			productName = UIViewBuilder;
			productReference = 8822AF4F24447F810013F33A /* AttributedStringBuilder.app */;
			productType = "com.apple.product-type.application";
		};
/* End PBXNativeTarget section */

/* Begin PBXProject section */
		8822AF4724447F810013F33A /* Project object */ = {
			isa = PBXProject;
			attributes = {
				LastSwiftUpdateCheck = 1140;
				LastUpgradeCheck = 1140;
				ORGANIZATIONNAME = "Vadim Bulavin";
				TargetAttributes = {
					8822AF4E24447F810013F33A = {
						CreatedOnToolsVersion = 11.4;
					};
				};
			};
			buildConfigurationList = 8822AF4A24447F810013F33A /* Build configuration list for PBXProject "AttributedStringBuilder" */;
			compatibilityVersion = "Xcode 9.3";
			developmentRegion = en;
			hasScannedForEncodings = 0;
			knownRegions = (
				en,
				Base,
			);
			mainGroup = 8822AF4624447F810013F33A;
			productRefGroup = 8822AF5024447F810013F33A /* Products */;
			projectDirPath = "";
			projectRoot = "";
			targets = (
				8822AF4E24447F810013F33A /* AttributedStringBuilder */,
			);
		};
/* End PBXProject section */

/* Begin PBXResourcesBuildPhase section */
		8822AF4D24447F810013F33A /* Resources */ = {
			isa = PBXResourcesBuildPhase;
			buildActionMask = 2147483647;
			files = (
				8822AF5F24447F830013F33A /* LaunchScreen.storyboard in Resources */,
				8822AF5C24447F830013F33A /* Assets.xcassets in Resources */,
				8822AF5A24447F810013F33A /* Main.storyboard in Resources */,
			);
			runOnlyForDeploymentPostprocessing = 0;
		};
/* End PBXResourcesBuildPhase section */

/* Begin PBXSourcesBuildPhase section */
		8822AF4B24447F810013F33A /* Sources */ = {
			isa = PBXSourcesBuildPhase;
			buildActionMask = 2147483647;
			files = (
				8822AF5724447F810013F33A /* ViewController.swift in Sources */,
				8822AF5324447F810013F33A /* AppDelegate.swift in Sources */,
				88D5C445244852E700510BFD /* AttributedStringBuilder.swift in Sources */,
				8822AF5524447F810013F33A /* SceneDelegate.swift in Sources */,
			);
			runOnlyForDeploymentPostprocessing = 0;
		};
/* End PBXSourcesBuildPhase section */

/* Begin PBXVariantGroup section */
		8822AF5824447F810013F33A /* Main.storyboard */ = {
			isa = PBXVariantGroup;
			children = (
				8822AF5924447F810013F33A /* Base */,
			);
			name = Main.storyboard;
			sourceTree = "<group>";
		};
		8822AF5D24447F830013F33A /* LaunchScreen.storyboard */ = {
			isa = PBXVariantGroup;
			children = (
				8822AF5E24447F830013F33A /* Base */,
			);
			name = LaunchScreen.storyboard;
			sourceTree = "<group>";
		};
/* End PBXVariantGroup section */

/* Begin XCBuildConfiguration section */
		8822AF6124447F830013F33A /* Debug */ = {
			isa = XCBuildConfiguration;
			buildSettings = {
				ALWAYS_SEARCH_USER_PATHS = NO;
				CLANG_ANALYZER_NONNULL = YES;
				CLANG_ANALYZER_NUMBER_OBJECT_CONVERSION = YES_AGGRESSIVE;
				CLANG_CXX_LANGUAGE_STANDARD = "gnu++14";
				CLANG_CXX_LIBRARY = "libc++";
				CLANG_ENABLE_MODULES = YES;
				CLANG_ENABLE_OBJC_ARC = YES;
				CLANG_ENABLE_OBJC_WEAK = YES;
				CLANG_WARN_BLOCK_CAPTURE_AUTORELEASING = YES;
				CLANG_WARN_BOOL_CONVERSION = YES;
				CLANG_WARN_COMMA = YES;
				CLANG_WARN_CONSTANT_CONVERSION = YES;
				CLANG_WARN_DEPRECATED_OBJC_IMPLEMENTATIONS = YES;
				CLANG_WARN_DIRECT_OBJC_ISA_USAGE = YES_ERROR;
				CLANG_WARN_DOCUMENTATION_COMMENTS = YES;
				CLANG_WARN_EMPTY_BODY = YES;
				CLANG_WARN_ENUM_CONVERSION = YES;
				CLANG_WARN_INFINITE_RECURSION = YES;
				CLANG_WARN_INT_CONVERSION = YES;
				CLANG_WARN_NON_LITERAL_NULL_CONVERSION = YES;
				CLANG_WARN_OBJC_IMPLICIT_RETAIN_SELF = YES;
				CLANG_WARN_OBJC_LITERAL_CONVERSION = YES;
				CLANG_WARN_OBJC_ROOT_CLASS = YES_ERROR;
				CLANG_WARN_RANGE_LOOP_ANALYSIS = YES;
				CLANG_WARN_STRICT_PROTOTYPES = YES;
				CLANG_WARN_SUSPICIOUS_MOVE = YES;
				CLANG_WARN_UNGUARDED_AVAILABILITY = YES_AGGRESSIVE;
				CLANG_WARN_UNREACHABLE_CODE = YES;
				CLANG_WARN__DUPLICATE_METHOD_MATCH = YES;
				COPY_PHASE_STRIP = NO;
				DEBUG_INFORMATION_FORMAT = dwarf;
				ENABLE_STRICT_OBJC_MSGSEND = YES;
				ENABLE_TESTABILITY = YES;
				GCC_C_LANGUAGE_STANDARD = gnu11;
				GCC_DYNAMIC_NO_PIC = NO;
				GCC_NO_COMMON_BLOCKS = YES;
				GCC_OPTIMIZATION_LEVEL = 0;
				GCC_PREPROCESSOR_DEFINITIONS = (
					"DEBUG=1",
					"$(inherited)",
				);
				GCC_WARN_64_TO_32_BIT_CONVERSION = YES;
				GCC_WARN_ABOUT_RETURN_TYPE = YES_ERROR;
				GCC_WARN_UNDECLARED_SELECTOR = YES;
				GCC_WARN_UNINITIALIZED_AUTOS = YES_AGGRESSIVE;
				GCC_WARN_UNUSED_FUNCTION = YES;
				GCC_WARN_UNUSED_VARIABLE = YES;
				IPHONEOS_DEPLOYMENT_TARGET = 13.4;
				MTL_ENABLE_DEBUG_INFO = INCLUDE_SOURCE;
				MTL_FAST_MATH = YES;
				ONLY_ACTIVE_ARCH = YES;
				SDKROOT = iphoneos;
				SWIFT_ACTIVE_COMPILATION_CONDITIONS = DEBUG;
				SWIFT_OPTIMIZATION_LEVEL = "-Onone";
			};
			name = Debug;
		};
		8822AF6224447F830013F33A /* Release */ = {
			isa = XCBuildConfiguration;
			buildSettings = {
				ALWAYS_SEARCH_USER_PATHS = NO;
				CLANG_ANALYZER_NONNULL = YES;
				CLANG_ANALYZER_NUMBER_OBJECT_CONVERSION = YES_AGGRESSIVE;
				CLANG_CXX_LANGUAGE_STANDARD = "gnu++14";
				CLANG_CXX_LIBRARY = "libc++";
				CLANG_ENABLE_MODULES = YES;
				CLANG_ENABLE_OBJC_ARC = YES;
				CLANG_ENABLE_OBJC_WEAK = YES;
				CLANG_WARN_BLOCK_CAPTURE_AUTORELEASING = YES;
				CLANG_WARN_BOOL_CONVERSION = YES;
				CLANG_WARN_COMMA = YES;
				CLANG_WARN_CONSTANT_CONVERSION = YES;
				CLANG_WARN_DEPRECATED_OBJC_IMPLEMENTATIONS = YES;
				CLANG_WARN_DIRECT_OBJC_ISA_USAGE = YES_ERROR;
				CLANG_WARN_DOCUMENTATION_COMMENTS = YES;
				CLANG_WARN_EMPTY_BODY = YES;
				CLANG_WARN_ENUM_CONVERSION = YES;
				CLANG_WARN_INFINITE_RECURSION = YES;
				CLANG_WARN_INT_CONVERSION = YES;
				CLANG_WARN_NON_LITERAL_NULL_CONVERSION = YES;
				CLANG_WARN_OBJC_IMPLICIT_RETAIN_SELF = YES;
				CLANG_WARN_OBJC_LITERAL_CONVERSION = YES;
				CLANG_WARN_OBJC_ROOT_CLASS = YES_ERROR;
				CLANG_WARN_RANGE_LOOP_ANALYSIS = YES;
				CLANG_WARN_STRICT_PROTOTYPES = YES;
				CLANG_WARN_SUSPICIOUS_MOVE = YES;
				CLANG_WARN_UNGUARDED_AVAILABILITY = YES_AGGRESSIVE;
				CLANG_WARN_UNREACHABLE_CODE = YES;
				CLANG_WARN__DUPLICATE_METHOD_MATCH = YES;
				COPY_PHASE_STRIP = NO;
				DEBUG_INFORMATION_FORMAT = "dwarf-with-dsym";
				ENABLE_NS_ASSERTIONS = NO;
				ENABLE_STRICT_OBJC_MSGSEND = YES;
				GCC_C_LANGUAGE_STANDARD = gnu11;
				GCC_NO_COMMON_BLOCKS = YES;
				GCC_WARN_64_TO_32_BIT_CONVERSION = YES;
				GCC_WARN_ABOUT_RETURN_TYPE = YES_ERROR;
				GCC_WARN_UNDECLARED_SELECTOR = YES;
				GCC_WARN_UNINITIALIZED_AUTOS = YES_AGGRESSIVE;
				GCC_WARN_UNUSED_FUNCTION = YES;
				GCC_WARN_UNUSED_VARIABLE = YES;
				IPHONEOS_DEPLOYMENT_TARGET = 13.4;
				MTL_ENABLE_DEBUG_INFO = NO;
				MTL_FAST_MATH = YES;
				SDKROOT = iphoneos;
				SWIFT_COMPILATION_MODE = wholemodule;
				SWIFT_OPTIMIZATION_LEVEL = "-O";
				VALIDATE_PRODUCT = YES;
			};
			name = Release;
		};
		8822AF6424447F830013F33A /* Debug */ = {
			isa = XCBuildConfiguration;
			buildSettings = {
				ASSETCATALOG_COMPILER_APPICON_NAME = AppIcon;
				CODE_SIGN_STYLE = Automatic;
				INFOPLIST_FILE = AttributedStringBuilder/SupportingFiles/Info.plist;
				LD_RUNPATH_SEARCH_PATHS = (
					"$(inherited)",
					"@executable_path/Frameworks",
				);
				PRODUCT_BUNDLE_IDENTIFIER = vadimbulavin.AttributedStringBuilder;
				PRODUCT_NAME = "$(TARGET_NAME)";
				SWIFT_VERSION = 5.0;
				TARGETED_DEVICE_FAMILY = "1,2";
			};
			name = Debug;
		};
		8822AF6524447F830013F33A /* Release */ = {
			isa = XCBuildConfiguration;
			buildSettings = {
				ASSETCATALOG_COMPILER_APPICON_NAME = AppIcon;
				CODE_SIGN_STYLE = Automatic;
				INFOPLIST_FILE = AttributedStringBuilder/SupportingFiles/Info.plist;
				LD_RUNPATH_SEARCH_PATHS = (
					"$(inherited)",
					"@executable_path/Frameworks",
				);
				PRODUCT_BUNDLE_IDENTIFIER = vadimbulavin.AttributedStringBuilder;
				PRODUCT_NAME = "$(TARGET_NAME)";
				SWIFT_VERSION = 5.0;
				TARGETED_DEVICE_FAMILY = "1,2";
			};
			name = Release;
		};
/* End XCBuildConfiguration section */

/* Begin XCConfigurationList section */
		8822AF4A24447F810013F33A /* Build configuration list for PBXProject "AttributedStringBuilder" */ = {
			isa = XCConfigurationList;
			buildConfigurations = (
				8822AF6124447F830013F33A /* Debug */,
				8822AF6224447F830013F33A /* Release */,
			);
			defaultConfigurationIsVisible = 0;
			defaultConfigurationName = Release;
		};
		8822AF6324447F830013F33A /* Build configuration list for PBXNativeTarget "AttributedStringBuilder" */ = {
			isa = XCConfigurationList;
			buildConfigurations = (
				8822AF6424447F830013F33A /* Debug */,
				8822AF6524447F830013F33A /* Release */,
			);
			defaultConfigurationIsVisible = 0;
			defaultConfigurationName = Release;
		};
/* End XCConfigurationList section */
	};
	rootObject = 8822AF4724447F810013F33A /* Project object */;
}
